
Microsoft Visual Studio Solution File, Format Version 12.00
# Visual Studio Version 17
VisualStudioVersion = 17.1.32210.238
MinimumVisualStudioVersion = 10.0.40219.1
Project("{FAE04EC0-301F-11D3-BF4B-00C04F79EFBC}") = "ImpressãoDeDezAVinteCinco", "ImpressãoDeDezAVinteCinco\ImpressãoDeDezAVinteCinco.csproj", "{A212E1B0-59DB-4389-AEFE-C31E4A036B72}"
EndProject
Global
	GlobalSection(SolutionConfigurationPlatforms) = preSolution
		Debug|Any CPU = Debug|Any CPU
		Release|Any CPU = Release|Any CPU
	EndGlobalSection
	GlobalSection(ProjectConfigurationPlatforms) = postSolution
		{A212E1B0-59DB-4389-AEFE-C31E4A036B72}.Debug|Any CPU.ActiveCfg = Debug|Any CPU
		{A212E1B0-59DB-4389-AEFE-C31E4A036B72}.Debug|Any CPU.Build.0 = Debug|Any CPU
		{A212E1B0-59DB-4389-AEFE-C31E4A036B72}.Release|Any CPU.ActiveCfg = Release|Any CPU
		{A212E1B0-59DB-4389-AEFE-C31E4A036B72}.Release|Any CPU.Build.0 = Release|Any CPU
	EndGlobalSection
	GlobalSection(SolutionProperties) = preSolution
		HideSolutionNode = FALSE
	EndGlobalSection
	GlobalSection(ExtensibilityGlobals) = postSolution
		SolutionGuid = {68E530F7-95ED-43BD-A53A-8D6A366A8840}
	EndGlobalSection
EndGlobal
